// !$*UTF8*$!
{
	archiveVersion = 1;
	classes = {
	};
	objectVersion = 50;
	objects = {

/* Begin PBXBuildFile section */
		45BADB9723CC632100010940 /* AppDelegate.swift in Sources */ = {isa = PBXBuildFile; fileRef = 45BADB9623CC632100010940 /* AppDelegate.swift */; };
		45BADB9923CC632100010940 /* SceneDelegate.swift in Sources */ = {isa = PBXBuildFile; fileRef = 45BADB9823CC632100010940 /* SceneDelegate.swift */; };
		45BADB9B23CC632100010940 /* ContentView.swift in Sources */ = {isa = PBXBuildFile; fileRef = 45BADB9A23CC632100010940 /* ContentView.swift */; };
		45BADB9D23CC632100010940 /* Assets.xcassets in Resources */ = {isa = PBXBuildFile; fileRef = 45BADB9C23CC632100010940 /* Assets.xcassets */; };
		45BADBA023CC632100010940 /* Preview Assets.xcassets in Resources */ = {isa = PBXBuildFile; fileRef = 45BADB9F23CC632100010940 /* Preview Assets.xcassets */; };
		45BADBA323CC632100010940 /* LaunchScreen.storyboard in Resources */ = {isa = PBXBuildFile; fileRef = 45BADBA123CC632100010940 /* LaunchScreen.storyboard */; };
		45BADBAE23CC632100010940 /* GitTestTests.swift in Sources */ = {isa = PBXBuildFile; fileRef = 45BADBAD23CC632100010940 /* GitTestTests.swift */; };
		45BADBB923CC632100010940 /* GitTestUITests.swift in Sources */ = {isa = PBXBuildFile; fileRef = 45BADBB823CC632100010940 /* GitTestUITests.swift */; };
/* End PBXBuildFile section */

/* Begin PBXContainerItemProxy section */
		45BADBAA23CC632100010940 /* PBXContainerItemProxy */ = {
			isa = PBXContainerItemProxy;
			containerPortal = 45BADB8B23CC632100010940 /* Project object */;
			proxyType = 1;
			remoteGlobalIDString = 45BADB9223CC632100010940;
			remoteInfo = GitTest;
		};
		45BADBB523CC632100010940 /* PBXContainerItemProxy */ = {
			isa = PBXContainerItemProxy;
			containerPortal = 45BADB8B23CC632100010940 /* Project object */;
			proxyType = 1;
			remoteGlobalIDString = 45BADB9223CC632100010940;
			remoteInfo = GitTest;
		};
/* End PBXContainerItemProxy section */

/* Begin PBXFileReference section */
		45BADB9323CC632100010940 /* GitTest.app */ = {isa = PBXFileReference; explicitFileType = wrapper.application; includeInIndex = 0; path = GitTest.app; sourceTree = BUILT_PRODUCTS_DIR; };
		45BADB9623CC632100010940 /* AppDelegate.swift */ = {isa = PBXFileReference; lastKnownFileType = sourcecode.swift; path = AppDelegate.swift; sourceTree = "<group>"; };
		45BADB9823CC632100010940 /* SceneDelegate.swift */ = {isa = PBXFileReference; lastKnownFileType = sourcecode.swift; path = SceneDelegate.swift; sourceTree = "<group>"; };
		45BADB9A23CC632100010940 /* ContentView.swift */ = {isa = PBXFileReference; lastKnownFileType = sourcecode.swift; path = ContentView.swift; sourceTree = "<group>"; };
		45BADB9C23CC632100010940 /* Assets.xcassets */ = {isa = PBXFileReference; lastKnownFileType = folder.assetcatalog; path = Assets.xcassets; sourceTree = "<group>"; };
		45BADB9F23CC632100010940 /* Preview Assets.xcassets */ = {isa = PBXFileReference; lastKnownFileType = folder.assetcatalog; path = "Preview Assets.xcassets"; sourceTree = "<group>"; };
		45BADBA223CC632100010940 /* Base */ = {isa = PBXFileReference; lastKnownFileType = file.storyboard; name = Base; path = Base.lproj/LaunchScreen.storyboard; sourceTree = "<group>"; };
		45BADBA423CC632100010940 /* Info.plist */ = {isa = PBXFileReference; lastKnownFileType = text.plist.xml; path = Info.plist; sourceTree = "<group>"; };
		45BADBA923CC632100010940 /* GitTestTests.xctest */ = {isa = PBXFileReference; explicitFileType = wrapper.cfbundle; includeInIndex = 0; path = GitTestTests.xctest; sourceTree = BUILT_PRODUCTS_DIR; };
		45BADBAD23CC632100010940 /* GitTestTests.swift */ = {isa = PBXFileReference; lastKnownFileType = sourcecode.swift; path = GitTestTests.swift; sourceTree = "<group>"; };
		45BADBAF23CC632100010940 /* Info.plist */ = {isa = PBXFileReference; lastKnownFileType = text.plist.xml; path = Info.plist; sourceTree = "<group>"; };
		45BADBB423CC632100010940 /* GitTestUITests.xctest */ = {isa = PBXFileReference; explicitFileType = wrapper.cfbundle; includeInIndex = 0; path = GitTestUITests.xctest; sourceTree = BUILT_PRODUCTS_DIR; };
		45BADBB823CC632100010940 /* GitTestUITests.swift */ = {isa = PBXFileReference; lastKnownFileType = sourcecode.swift; path = GitTestUITests.swift; sourceTree = "<group>"; };
		45BADBBA23CC632100010940 /* Info.plist */ = {isa = PBXFileReference; lastKnownFileType = text.plist.xml; path = Info.plist; sourceTree = "<group>"; };
/* End PBXFileReference section */

/* Begin PBXFrameworksBuildPhase section */
		45BADB9023CC632100010940 /* Frameworks */ = {
			isa = PBXFrameworksBuildPhase;
			buildActionMask = 2147483647;
			files = (
			);
			runOnlyForDeploymentPostprocessing = 0;
		};
		45BADBA623CC632100010940 /* Frameworks */ = {
			isa = PBXFrameworksBuildPhase;
			buildActionMask = 2147483647;
			files = (
			);
			runOnlyForDeploymentPostprocessing = 0;
		};
		45BADBB123CC632100010940 /* Frameworks */ = {
			isa = PBXFrameworksBuildPhase;
			buildActionMask = 2147483647;
			files = (
			);
			runOnlyForDeploymentPostprocessing = 0;
		};
/* End PBXFrameworksBuildPhase section */

/* Begin PBXGroup section */
		45BADB8A23CC632100010940 = {
			isa = PBXGroup;
			children = (
				45BADB9523CC632100010940 /* GitTest */,
				45BADBAC23CC632100010940 /* GitTestTests */,
				45BADBB723CC632100010940 /* GitTestUITests */,
				45BADB9423CC632100010940 /* Products */,
			);
			sourceTree = "<group>";
		};
		45BADB9423CC632100010940 /* Products */ = {
			isa = PBXGroup;
			children = (
				45BADB9323CC632100010940 /* GitTest.app */,
				45BADBA923CC632100010940 /* GitTestTests.xctest */,
				45BADBB423CC632100010940 /* GitTestUITests.xctest */,
			);
			name = Products;
			sourceTree = "<group>";
		};
		45BADB9523CC632100010940 /* GitTest */ = {
			isa = PBXGroup;
			children = (
				45BADB9623CC632100010940 /* AppDelegate.swift */,
				45BADB9823CC632100010940 /* SceneDelegate.swift */,
				45BADB9A23CC632100010940 /* ContentView.swift */,
				45BADB9C23CC632100010940 /* Assets.xcassets */,
				45BADBA123CC632100010940 /* LaunchScreen.storyboard */,
				45BADBA423CC632100010940 /* Info.plist */,
				45BADB9E23CC632100010940 /* Preview Content */,
			);
			path = GitTest;
			sourceTree = "<group>";
		};
		45BADB9E23CC632100010940 /* Preview Content */ = {
			isa = PBXGroup;
			children = (
				45BADB9F23CC632100010940 /* Preview Assets.xcassets */,
			);
			path = "Preview Content";
			sourceTree = "<group>";
		};
		45BADBAC23CC632100010940 /* GitTestTests */ = {
			isa = PBXGroup;
			children = (
				45BADBAD23CC632100010940 /* GitTestTests.swift */,
				45BADBAF23CC632100010940 /* Info.plist */,
			);
			path = GitTestTests;
			sourceTree = "<group>";
		};
		45BADBB723CC632100010940 /* GitTestUITests */ = {
			isa = PBXGroup;
			children = (
				45BADBB823CC632100010940 /* GitTestUITests.swift */,
				45BADBBA23CC632100010940 /* Info.plist */,
			);
			path = GitTestUITests;
			sourceTree = "<group>";
		};
/* End PBXGroup section */

/* Begin PBXNativeTarget section */
		45BADB9223CC632100010940 /* GitTest */ = {
			isa = PBXNativeTarget;
			buildConfigurationList = 45BADBBD23CC632200010940 /* Build configuration list for PBXNativeTarget "GitTest" */;
			buildPhases = (
				45BADB8F23CC632100010940 /* Sources */,
				45BADB9023CC632100010940 /* Frameworks */,
				45BADB9123CC632100010940 /* Resources */,
			);
			buildRules = (
			);
			dependencies = (
			);
			name = GitTest;
			productName = GitTest;
			productReference = 45BADB9323CC632100010940 /* GitTest.app */;
			productType = "com.apple.product-type.application";
		};
		45BADBA823CC632100010940 /* GitTestTests */ = {
			isa = PBXNativeTarget;
			buildConfigurationList = 45BADBC023CC632200010940 /* Build configuration list for PBXNativeTarget "GitTestTests" */;
			buildPhases = (
				45BADBA523CC632100010940 /* Sources */,
				45BADBA623CC632100010940 /* Frameworks */,
				45BADBA723CC632100010940 /* Resources */,
			);
			buildRules = (
			);
			dependencies = (
				45BADBAB23CC632100010940 /* PBXTargetDependency */,
			);
			name = GitTestTests;
			productName = GitTestTests;
			productReference = 45BADBA923CC632100010940 /* GitTestTests.xctest */;
			productType = "com.apple.product-type.bundle.unit-test";
		};
		45BADBB323CC632100010940 /* GitTestUITests */ = {
			isa = PBXNativeTarget;
			buildConfigurationList = 45BADBC323CC632200010940 /* Build configuration list for PBXNativeTarget "GitTestUITests" */;
			buildPhases = (
				45BADBB023CC632100010940 /* Sources */,
				45BADBB123CC632100010940 /* Frameworks */,
				45BADBB223CC632100010940 /* Resources */,
			);
			buildRules = (
			);
			dependencies = (
				45BADBB623CC632100010940 /* PBXTargetDependency */,
			);
			name = GitTestUITests;
			productName = GitTestUITests;
			productReference = 45BADBB423CC632100010940 /* GitTestUITests.xctest */;
			productType = "com.apple.product-type.bundle.ui-testing";
		};
/* End PBXNativeTarget section */

/* Begin PBXProject section */
		45BADB8B23CC632100010940 /* Project object */ = {
			isa = PBXProject;
			attributes = {
				LastSwiftUpdateCheck = 1130;
				LastUpgradeCheck = 1130;
				ORGANIZATIONNAME = Islam;
				TargetAttributes = {
					45BADB9223CC632100010940 = {
						CreatedOnToolsVersion = 11.3;
					};
					45BADBA823CC632100010940 = {
						CreatedOnToolsVersion = 11.3;
						TestTargetID = 45BADB9223CC632100010940;
					};
					45BADBB323CC632100010940 = {
						CreatedOnToolsVersion = 11.3;
						TestTargetID = 45BADB9223CC632100010940;
					};
				};
			};
			buildConfigurationList = 45BADB8E23CC632100010940 /* Build configuration list for PBXProject "GitTest" */;
			compatibilityVersion = "Xcode 9.3";
			developmentRegion = en;
			hasScannedForEncodings = 0;
			knownRegions = (
				en,
				Base,
			);
			mainGroup = 45BADB8A23CC632100010940;
			productRefGroup = 45BADB9423CC632100010940 /* Products */;
			projectDirPath = "";
			projectRoot = "";
			targets = (
				45BADB9223CC632100010940 /* GitTest */,
				45BADBA823CC632100010940 /* GitTestTests */,
				45BADBB323CC632100010940 /* GitTestUITests */,
			);
		};
/* End PBXProject section */

/* Begin PBXResourcesBuildPhase section */
		45BADB9123CC632100010940 /* Resources */ = {
			isa = PBXResourcesBuildPhase;
			buildActionMask = 2147483647;
			files = (
				45BADBA323CC632100010940 /* LaunchScreen.storyboard in Resources */,
				45BADBA023CC632100010940 /* Preview Assets.xcassets in Resources */,
				45BADB9D23CC632100010940 /* Assets.xcassets in Resources */,
			);
			runOnlyForDeploymentPostprocessing = 0;
		};
		45BADBA723CC632100010940 /* Resources */ = {
			isa = PBXResourcesBuildPhase;
			buildActionMask = 2147483647;
			files = (
			);
			runOnlyForDeploymentPostprocessing = 0;
		};
		45BADBB223CC632100010940 /* Resources */ = {
			isa = PBXResourcesBuildPhase;
			buildActionMask = 2147483647;
			files = (
			);
			runOnlyForDeploymentPostprocessing = 0;
		};
/* End PBXResourcesBuildPhase section */

/* Begin PBXSourcesBuildPhase section */
		45BADB8F23CC632100010940 /* Sources */ = {
			isa = PBXSourcesBuildPhase;
			buildActionMask = 2147483647;
			files = (
				45BADB9723CC632100010940 /* AppDelegate.swift in Sources */,
				45BADB9923CC632100010940 /* SceneDelegate.swift in Sources */,
				45BADB9B23CC632100010940 /* ContentView.swift in Sources */,
			);
			runOnlyForDeploymentPostprocessing = 0;
		};
		45BADBA523CC632100010940 /* Sources */ = {
			isa = PBXSourcesBuildPhase;
			buildActionMask = 2147483647;
			files = (
				45BADBAE23CC632100010940 /* GitTestTests.swift in Sources */,
			);
			runOnlyForDeploymentPostprocessing = 0;
		};
		45BADBB023CC632100010940 /* Sources */ = {
			isa = PBXSourcesBuildPhase;
			buildActionMask = 2147483647;
			files = (
				45BADBB923CC632100010940 /* GitTestUITests.swift in Sources */,
			);
			runOnlyForDeploymentPostprocessing = 0;
		};
/* End PBXSourcesBuildPhase section */

/* Begin PBXTargetDependency section */
		45BADBAB23CC632100010940 /* PBXTargetDependency */ = {
			isa = PBXTargetDependency;
			target = 45BADB9223CC632100010940 /* GitTest */;
			targetProxy = 45BADBAA23CC632100010940 /* PBXContainerItemProxy */;
		};
		45BADBB623CC632100010940 /* PBXTargetDependency */ = {
			isa = PBXTargetDependency;
			target = 45BADB9223CC632100010940 /* GitTest */;
			targetProxy = 45BADBB523CC632100010940 /* PBXContainerItemProxy */;
		};
/* End PBXTargetDependency section */

/* Begin PBXVariantGroup section */
		45BADBA123CC632100010940 /* LaunchScreen.storyboard */ = {
			isa = PBXVariantGroup;
			children = (
				45BADBA223CC632100010940 /* Base */,
			);
			name = LaunchScreen.storyboard;
			sourceTree = "<group>";
		};
/* End PBXVariantGroup section */

/* Begin XCBuildConfiguration section */
		45BADBBB23CC632200010940 /* Debug */ = {
			isa = XCBuildConfiguration;
			buildSettings = {
				ALWAYS_SEARCH_USER_PATHS = NO;
				CLANG_ANALYZER_NONNULL = YES;
				CLANG_ANALYZER_NUMBER_OBJECT_CONVERSION = YES_AGGRESSIVE;
				CLANG_CXX_LANGUAGE_STANDARD = "gnu++14";
				CLANG_CXX_LIBRARY = "libc++";
				CLANG_ENABLE_MODULES = YES;
				CLANG_ENABLE_OBJC_ARC = YES;
				CLANG_ENABLE_OBJC_WEAK = YES;
				CLANG_WARN_BLOCK_CAPTURE_AUTORELEASING = YES;
				CLANG_WARN_BOOL_CONVERSION = YES;
				CLANG_WARN_COMMA = YES;
				CLANG_WARN_CONSTANT_CONVERSION = YES;
				CLANG_WARN_DEPRECATED_OBJC_IMPLEMENTATIONS = YES;
				CLANG_WARN_DIRECT_OBJC_ISA_USAGE = YES_ERROR;
				CLANG_WARN_DOCUMENTATION_COMMENTS = YES;
				CLANG_WARN_EMPTY_BODY = YES;
				CLANG_WARN_ENUM_CONVERSION = YES;
				CLANG_WARN_INFINITE_RECURSION = YES;
				CLANG_WARN_INT_CONVERSION = YES;
				CLANG_WARN_NON_LITERAL_NULL_CONVERSION = YES;
				CLANG_WARN_OBJC_IMPLICIT_RETAIN_SELF = YES;
				CLANG_WARN_OBJC_LITERAL_CONVERSION = YES;
				CLANG_WARN_OBJC_ROOT_CLASS = YES_ERROR;
				CLANG_WARN_RANGE_LOOP_ANALYSIS = YES;
				CLANG_WARN_STRICT_PROTOTYPES = YES;
				CLANG_WARN_SUSPICIOUS_MOVE = YES;
				CLANG_WARN_UNGUARDED_AVAILABILITY = YES_AGGRESSIVE;
				CLANG_WARN_UNREACHABLE_CODE = YES;
				CLANG_WARN__DUPLICATE_METHOD_MATCH = YES;
				COPY_PHASE_STRIP = NO;
				DEBUG_INFORMATION_FORMAT = dwarf;
				ENABLE_STRICT_OBJC_MSGSEND = YES;
				ENABLE_TESTABILITY = YES;
				GCC_C_LANGUAGE_STANDARD = gnu11;
				GCC_DYNAMIC_NO_PIC = NO;
				GCC_NO_COMMON_BLOCKS = YES;
				GCC_OPTIMIZATION_LEVEL = 0;
				GCC_PREPROCESSOR_DEFINITIONS = (
					"DEBUG=1",
					"$(inherited)",
				);
				GCC_WARN_64_TO_32_BIT_CONVERSION = YES;
				GCC_WARN_ABOUT_RETURN_TYPE = YES_ERROR;
				GCC_WARN_UNDECLARED_SELECTOR = YES;
				GCC_WARN_UNINITIALIZED_AUTOS = YES_AGGRESSIVE;
				GCC_WARN_UNUSED_FUNCTION = YES;
				GCC_WARN_UNUSED_VARIABLE = YES;
				IPHONEOS_DEPLOYMENT_TARGET = 13.2;
				MTL_ENABLE_DEBUG_INFO = INCLUDE_SOURCE;
				MTL_FAST_MATH = YES;
				ONLY_ACTIVE_ARCH = YES;
				SDKROOT = iphoneos;
				SWIFT_ACTIVE_COMPILATION_CONDITIONS = DEBUG;
				SWIFT_OPTIMIZATION_LEVEL = "-Onone";
			};
			name = Debug;
		};
		45BADBBC23CC632200010940 /* Release */ = {
			isa = XCBuildConfiguration;
			buildSettings = {
				ALWAYS_SEARCH_USER_PATHS = NO;
				CLANG_ANALYZER_NONNULL = YES;
				CLANG_ANALYZER_NUMBER_OBJECT_CONVERSION = YES_AGGRESSIVE;
				CLANG_CXX_LANGUAGE_STANDARD = "gnu++14";
				CLANG_CXX_LIBRARY = "libc++";
				CLANG_ENABLE_MODULES = YES;
				CLANG_ENABLE_OBJC_ARC = YES;
				CLANG_ENABLE_OBJC_WEAK = YES;
				CLANG_WARN_BLOCK_CAPTURE_AUTORELEASING = YES;
				CLANG_WARN_BOOL_CONVERSION = YES;
				CLANG_WARN_COMMA = YES;
				CLANG_WARN_CONSTANT_CONVERSION = YES;
				CLANG_WARN_DEPRECATED_OBJC_IMPLEMENTATIONS = YES;
				CLANG_WARN_DIRECT_OBJC_ISA_USAGE = YES_ERROR;
				CLANG_WARN_DOCUMENTATION_COMMENTS = YES;
				CLANG_WARN_EMPTY_BODY = YES;
				CLANG_WARN_ENUM_CONVERSION = YES;
				CLANG_WARN_INFINITE_RECURSION = YES;
				CLANG_WARN_INT_CONVERSION = YES;
				CLANG_WARN_NON_LITERAL_NULL_CONVERSION = YES;
				CLANG_WARN_OBJC_IMPLICIT_RETAIN_SELF = YES;
				CLANG_WARN_OBJC_LITERAL_CONVERSION = YES;
				CLANG_WARN_OBJC_ROOT_CLASS = YES_ERROR;
				CLANG_WARN_RANGE_LOOP_ANALYSIS = YES;
				CLANG_WARN_STRICT_PROTOTYPES = YES;
				CLANG_WARN_SUSPICIOUS_MOVE = YES;
				CLANG_WARN_UNGUARDED_AVAILABILITY = YES_AGGRESSIVE;
				CLANG_WARN_UNREACHABLE_CODE = YES;
				CLANG_WARN__DUPLICATE_METHOD_MATCH = YES;
				COPY_PHASE_STRIP = NO;
				DEBUG_INFORMATION_FORMAT = "dwarf-with-dsym";
				ENABLE_NS_ASSERTIONS = NO;
				ENABLE_STRICT_OBJC_MSGSEND = YES;
				GCC_C_LANGUAGE_STANDARD = gnu11;
				GCC_NO_COMMON_BLOCKS = YES;
				GCC_WARN_64_TO_32_BIT_CONVERSION = YES;
				GCC_WARN_ABOUT_RETURN_TYPE = YES_ERROR;
				GCC_WARN_UNDECLARED_SELECTOR = YES;
				GCC_WARN_UNINITIALIZED_AUTOS = YES_AGGRESSIVE;
				GCC_WARN_UNUSED_FUNCTION = YES;
				GCC_WARN_UNUSED_VARIABLE = YES;
				IPHONEOS_DEPLOYMENT_TARGET = 13.2;
				MTL_ENABLE_DEBUG_INFO = NO;
				MTL_FAST_MATH = YES;
				SDKROOT = iphoneos;
				SWIFT_COMPILATION_MODE = wholemodule;
				SWIFT_OPTIMIZATION_LEVEL = "-O";
				VALIDATE_PRODUCT = YES;
			};
			name = Release;
		};
		45BADBBE23CC632200010940 /* Debug */ = {
			isa = XCBuildConfiguration;
			buildSettings = {
				ASSETCATALOG_COMPILER_APPICON_NAME = AppIcon;
				CODE_SIGN_STYLE = Automatic;
				DEVELOPMENT_ASSET_PATHS = "\"GitTest/Preview Content\"";
				DEVELOPMENT_TEAM = U63823ANYA;
				ENABLE_PREVIEWS = YES;
				INFOPLIST_FILE = GitTest/Info.plist;
				LD_RUNPATH_SEARCH_PATHS = (
					"$(inherited)",
					"@executable_path/Frameworks",
				);
				PRODUCT_BUNDLE_IDENTIFIER = islam.GitTest;
				PRODUCT_NAME = "$(TARGET_NAME)";
				SWIFT_VERSION = 5.0;
				TARGETED_DEVICE_FAMILY = "1,2";
			};
			name = Debug;
		};
		45BADBBF23CC632200010940 /* Release */ = {
			isa = XCBuildConfiguration;
			buildSettings = {
				ASSETCATALOG_COMPILER_APPICON_NAME = AppIcon;
				CODE_SIGN_STYLE = Automatic;
				DEVELOPMENT_ASSET_PATHS = "\"GitTest/Preview Content\"";
				DEVELOPMENT_TEAM = U63823ANYA;
				ENABLE_PREVIEWS = YES;
				INFOPLIST_FILE = GitTest/Info.plist;
				LD_RUNPATH_SEARCH_PATHS = (
					"$(inherited)",
					"@executable_path/Frameworks",
				);
				PRODUCT_BUNDLE_IDENTIFIER = islam.GitTest;
				PRODUCT_NAME = "$(TARGET_NAME)";
				SWIFT_VERSION = 5.0;
				TARGETED_DEVICE_FAMILY = "1,2";
			};
			name = Release;
		};
		45BADBC123CC632200010940 /* Debug */ = {
			isa = XCBuildConfiguration;
			buildSettings = {
				ALWAYS_EMBED_SWIFT_STANDARD_LIBRARIES = YES;
				BUNDLE_LOADER = "$(TEST_HOST)";
				CODE_SIGN_STYLE = Automatic;
				DEVELOPMENT_TEAM = U63823ANYA;
				INFOPLIST_FILE = GitTestTests/Info.plist;
				IPHONEOS_DEPLOYMENT_TARGET = 13.2;
				LD_RUNPATH_SEARCH_PATHS = (
					"$(inherited)",
					"@executable_path/Frameworks",
					"@loader_path/Frameworks",
				);
				PRODUCT_BUNDLE_IDENTIFIER = islam.GitTestTests;
				PRODUCT_NAME = "$(TARGET_NAME)";
				SWIFT_VERSION = 5.0;
				TARGETED_DEVICE_FAMILY = "1,2";
				TEST_HOST = "$(BUILT_PRODUCTS_DIR)/GitTest.app/GitTest";
			};
			name = Debug;
		};
		45BADBC223CC632200010940 /* Release */ = {
			isa = XCBuildConfiguration;
			buildSettings = {
				ALWAYS_EMBED_SWIFT_STANDARD_LIBRARIES = YES;
				BUNDLE_LOADER = "$(TEST_HOST)";
				CODE_SIGN_STYLE = Automatic;
				DEVELOPMENT_TEAM = U63823ANYA;
				INFOPLIST_FILE = GitTestTests/Info.plist;
				IPHONEOS_DEPLOYMENT_TARGET = 13.2;
				LD_RUNPATH_SEARCH_PATHS = (
					"$(inherited)",
					"@executable_path/Frameworks",
					"@loader_path/Frameworks",
				);
				PRODUCT_BUNDLE_IDENTIFIER = islam.GitTestTests;
				PRODUCT_NAME = "$(TARGET_NAME)";
				SWIFT_VERSION = 5.0;
				TARGETED_DEVICE_FAMILY = "1,2";
				TEST_HOST = "$(BUILT_PRODUCTS_DIR)/GitTest.app/GitTest";
			};
			name = Release;
		};
		45BADBC423CC632200010940 /* Debug */ = {
			isa = XCBuildConfiguration;
			buildSettings = {
				ALWAYS_EMBED_SWIFT_STANDARD_LIBRARIES = YES;
				CODE_SIGN_STYLE = Automatic;
				DEVELOPMENT_TEAM = U63823ANYA;
				INFOPLIST_FILE = GitTestUITests/Info.plist;
				LD_RUNPATH_SEARCH_PATHS = (
					"$(inherited)",
					"@executable_path/Frameworks",
					"@loader_path/Frameworks",
				);
				PRODUCT_BUNDLE_IDENTIFIER = islam.GitTestUITests;
				PRODUCT_NAME = "$(TARGET_NAME)";
				SWIFT_VERSION = 5.0;
				TARGETED_DEVICE_FAMILY = "1,2";
				TEST_TARGET_NAME = GitTest;
			};
			name = Debug;
		};
		45BADBC523CC632200010940 /* Release */ = {
			isa = XCBuildConfiguration;
			buildSettings = {
				ALWAYS_EMBED_SWIFT_STANDARD_LIBRARIES = YES;
				CODE_SIGN_STYLE = Automatic;
				DEVELOPMENT_TEAM = U63823ANYA;
				INFOPLIST_FILE = GitTestUITests/Info.plist;
				LD_RUNPATH_SEARCH_PATHS = (
					"$(inherited)",
					"@executable_path/Frameworks",
					"@loader_path/Frameworks",
				);
				PRODUCT_BUNDLE_IDENTIFIER = islam.GitTestUITests;
				PRODUCT_NAME = "$(TARGET_NAME)";
				SWIFT_VERSION = 5.0;
				TARGETED_DEVICE_FAMILY = "1,2";
				TEST_TARGET_NAME = GitTest;
			};
			name = Release;
		};
/* End XCBuildConfiguration section */

/* Begin XCConfigurationList section */
		45BADB8E23CC632100010940 /* Build configuration list for PBXProject "GitTest" */ = {
			isa = XCConfigurationList;
			buildConfigurations = (
				45BADBBB23CC632200010940 /* Debug */,
				45BADBBC23CC632200010940 /* Release */,
			);
			defaultConfigurationIsVisible = 0;
			defaultConfigurationName = Release;
		};
		45BADBBD23CC632200010940 /* Build configuration list for PBXNativeTarget "GitTest" */ = {
			isa = XCConfigurationList;
			buildConfigurations = (
				45BADBBE23CC632200010940 /* Debug */,
				45BADBBF23CC632200010940 /* Release */,
			);
			defaultConfigurationIsVisible = 0;
			defaultConfigurationName = Release;
		};
		45BADBC023CC632200010940 /* Build configuration list for PBXNativeTarget "GitTestTests" */ = {
			isa = XCConfigurationList;
			buildConfigurations = (
				45BADBC123CC632200010940 /* Debug */,
				45BADBC223CC632200010940 /* Release */,
			);
			defaultConfigurationIsVisible = 0;
			defaultConfigurationName = Release;
		};
		45BADBC323CC632200010940 /* Build configuration list for PBXNativeTarget "GitTestUITests" */ = {
			isa = XCConfigurationList;
			buildConfigurations = (
				45BADBC423CC632200010940 /* Debug */,
				45BADBC523CC632200010940 /* Release */,
			);
			defaultConfigurationIsVisible = 0;
			defaultConfigurationName = Release;
		};
/* End XCConfigurationList section */
	};
	rootObject = 45BADB8B23CC632100010940 /* Project object */;
}
